
Microsoft Visual Studio Solution File, Format Version 12.00
# Visual Studio 15
VisualStudioVersion = 15.0.28307.645
MinimumVisualStudioVersion = 10.0.40219.1
Project("{FAE04EC0-301F-11D3-BF4B-00C04F79EFBC}") = "tulkkausPeli", "tulkkausPeli\tulkkausPeli.csproj", "{6108906C-79C8-42AF-88B3-6C13E4E8E508}"
EndProject
Global
	GlobalSection(SolutionConfigurationPlatforms) = preSolution
		Debug|Any CPU = Debug|Any CPU
		Release|Any CPU = Release|Any CPU
	EndGlobalSection
	GlobalSection(ProjectConfigurationPlatforms) = postSolution
		{6108906C-79C8-42AF-88B3-6C13E4E8E508}.Debug|Any CPU.ActiveCfg = Debug|Any CPU
		{6108906C-79C8-42AF-88B3-6C13E4E8E508}.Debug|Any CPU.Build.0 = Debug|Any CPU
		{6108906C-79C8-42AF-88B3-6C13E4E8E508}.Release|Any CPU.ActiveCfg = Release|Any CPU
		{6108906C-79C8-42AF-88B3-6C13E4E8E508}.Release|Any CPU.Build.0 = Release|Any CPU
	EndGlobalSection
	GlobalSection(SolutionProperties) = preSolution
		HideSolutionNode = FALSE
	EndGlobalSection
	GlobalSection(ExtensibilityGlobals) = postSolution
		SolutionGuid = {2ED35C21-4039-4A1D-9AFC-F3DA0B69FD6D}
	EndGlobalSection
EndGlobal
